
Microsoft Visual Studio Solution File, Format Version 12.00
# Visual Studio Version 16
VisualStudioVersion = 16.0.30907.101
MinimumVisualStudioVersion = 10.0.40219.1
Project("{FAE04EC0-301F-11D3-BF4B-00C04F79EFBC}") = "Sayi_Yakalama_Oyunu", "Sayi_Yakalama_Oyunu.csproj", "{0D190AF5-E54D-4E62-BBD3-F99D3A0D8FD4}"
EndProject
Global
	GlobalSection(SolutionConfigurationPlatforms) = preSolution
		Debug|Any CPU = Debug|Any CPU
		Release|Any CPU = Release|Any CPU
	EndGlobalSection
	GlobalSection(ProjectConfigurationPlatforms) = postSolution
		{0D190AF5-E54D-4E62-BBD3-F99D3A0D8FD4}.Debug|Any CPU.ActiveCfg = Debug|Any CPU
		{0D190AF5-E54D-4E62-BBD3-F99D3A0D8FD4}.Debug|Any CPU.Build.0 = Debug|Any CPU
		{0D190AF5-E54D-4E62-BBD3-F99D3A0D8FD4}.Release|Any CPU.ActiveCfg = Release|Any CPU
		{0D190AF5-E54D-4E62-BBD3-F99D3A0D8FD4}.Release|Any CPU.Build.0 = Release|Any CPU
	EndGlobalSection
	GlobalSection(SolutionProperties) = preSolution
		HideSolutionNode = FALSE
	EndGlobalSection
	GlobalSection(ExtensibilityGlobals) = postSolution
		SolutionGuid = {2A26E823-A337-477D-89CA-158C7244EA55}
	EndGlobalSection
EndGlobal
